
Microsoft Visual Studio Solution File, Format Version 12.00
# Visual Studio Version 16
VisualStudioVersion = 16.0.30309.148
MinimumVisualStudioVersion = 10.0.40219.1
Project("{FAE04EC0-301F-11D3-BF4B-00C04F79EFBC}") = "CitiesApi", "CitiesApi\CitiesApi.csproj", "{16CA26FC-5745-43C7-BA79-BC4872CB7F02}"
EndProject
Global
	GlobalSection(SolutionConfigurationPlatforms) = preSolution
		Debug|Any CPU = Debug|Any CPU
		Release|Any CPU = Release|Any CPU
	EndGlobalSection
	GlobalSection(ProjectConfigurationPlatforms) = postSolution
		{16CA26FC-5745-43C7-BA79-BC4872CB7F02}.Debug|Any CPU.ActiveCfg = Debug|Any CPU
		{16CA26FC-5745-43C7-BA79-BC4872CB7F02}.Debug|Any CPU.Build.0 = Debug|Any CPU
		{16CA26FC-5745-43C7-BA79-BC4872CB7F02}.Release|Any CPU.ActiveCfg = Release|Any CPU
		{16CA26FC-5745-43C7-BA79-BC4872CB7F02}.Release|Any CPU.Build.0 = Release|Any CPU
	EndGlobalSection
	GlobalSection(SolutionProperties) = preSolution
		HideSolutionNode = FALSE
	EndGlobalSection
	GlobalSection(ExtensibilityGlobals) = postSolution
		SolutionGuid = {A197E66C-B14E-43D4-8311-0C558055FF21}
	EndGlobalSection
EndGlobal
